# This file is generated by running "yarn install" inside your project.
# Manual changes might be lost - proceed with caution!

__metadata:
  version: 6
  cacheKey: 8

"buttplug-server-wasm@workspace:.":
  version: 0.0.0-use.local
  resolution: "buttplug-server-wasm@workspace:."
  dependencies:
    buttplug: ^3.1.1
    typescript: ^5.2.2
  languageName: unknown
  linkType: soft

"buttplug@npm:^3.1.1":
  version: 3.1.1
  resolution: "buttplug@npm:3.1.1"
  dependencies:
    class-transformer: ^0.5.1
    eventemitter3: ^5.0.0
    reflect-metadata: ^0.1.13
    ws: ^8.12.0
  checksum: 22c07d8ed77cdc68e1cc2a6677684241738694597168cf0f3fc32291eee548188adbacda7109ed90a740f2857065cf9ebb10b1eaba71e8b36ce0f34e4156bc22
  languageName: node
  linkType: hard

"class-transformer@npm:^0.5.1":
  version: 0.5.1
  resolution: "class-transformer@npm:0.5.1"
  checksum: f191c8b4cc4239990f5efdd790cabdd852c243ed66248e39f6616a349c910c6eed2d9fd1fbf7ee6ea89f69b4f1d0b493b27347fe0cd0ae26b47c3745a805b6d3
  languageName: node
  linkType: hard

"eventemitter3@npm:^5.0.0":
  version: 5.0.1
  resolution: "eventemitter3@npm:5.0.1"
  checksum: 543d6c858ab699303c3c32e0f0f47fc64d360bf73c3daf0ac0b5079710e340d6fe9f15487f94e66c629f5f82cd1a8678d692f3dbb6f6fcd1190e1b97fcad36f8
  languageName: node
  linkType: hard

"reflect-metadata@npm:^0.1.13":
  version: 0.1.13
  resolution: "reflect-metadata@npm:0.1.13"
  checksum: 798d379a7b6f6455501145419505c97dd11cbc23857a386add2b9ef15963ccf15a48d9d15507afe01d4cd74116df8a213247200bac00320bd7c11ddeaa5e8fb4
  languageName: node
  linkType: hard

"typescript@npm:^5.2.2":
  version: 5.2.2
  resolution: "typescript@npm:5.2.2"
  bin:
    tsc: bin/tsc
    tsserver: bin/tsserver
  checksum: 7912821dac4d962d315c36800fe387cdc0a6298dba7ec171b350b4a6e988b51d7b8f051317786db1094bd7431d526b648aba7da8236607febb26cf5b871d2d3c
  languageName: node
  linkType: hard

"typescript@patch:typescript@^5.2.2#~builtin<compat/typescript>":
  version: 5.2.2
  resolution: "typescript@patch:typescript@npm%3A5.2.2#~builtin<compat/typescript>::version=5.2.2&hash=d73830"
  bin:
    tsc: bin/tsc
    tsserver: bin/tsserver
  checksum: 07106822b4305de3f22835cbba949a2b35451cad50888759b6818421290ff95d522b38ef7919e70fb381c5fe9c1c643d7dea22c8b31652a717ddbd57b7f4d554
  languageName: node
  linkType: hard

"ws@npm:^8.12.0":
  version: 8.13.0
  resolution: "ws@npm:8.13.0"
  peerDependencies:
    bufferutil: ^4.0.1
    utf-8-validate: ">=5.0.2"
  peerDependenciesMeta:
    bufferutil:
      optional: true
    utf-8-validate:
      optional: true
  checksum: 53e991bbf928faf5dc6efac9b8eb9ab6497c69feeb94f963d648b7a3530a720b19ec2e0ec037344257e05a4f35bd9ad04d9de6f289615ffb133282031b18c61c
  languageName: node
  linkType: hard
